// !$*UTF8*$!
{
	archiveVersion = 1;
	classes = {
	};
	objectVersion = 55;
	objects = {

/* Begin PBXBuildFile section */
		16A40268283C4EB8008234C3 /* AccountABuddyApp.swift in Sources */ = {isa = PBXBuildFile; fileRef = 16A40267283C4EB8008234C3 /* AccountABuddyApp.swift */; };
		16A4026A283C4EB8008234C3 /* ContentView.swift in Sources */ = {isa = PBXBuildFile; fileRef = 16A40269283C4EB8008234C3 /* ContentView.swift */; };
		16A4026C283C4EBB008234C3 /* Assets.xcassets in Resources */ = {isa = PBXBuildFile; fileRef = 16A4026B283C4EBB008234C3 /* Assets.xcassets */; };
		16A4026F283C4EBB008234C3 /* Preview Assets.xcassets in Resources */ = {isa = PBXBuildFile; fileRef = 16A4026E283C4EBB008234C3 /* Preview Assets.xcassets */; };
		16A40271283C4EBB008234C3 /* Persistence.swift in Sources */ = {isa = PBXBuildFile; fileRef = 16A40270283C4EBB008234C3 /* Persistence.swift */; };
		16A40274283C4EBB008234C3 /* AccountABuddy.xcdatamodeld in Sources */ = {isa = PBXBuildFile; fileRef = 16A40272283C4EBB008234C3 /* AccountABuddy.xcdatamodeld */; };
		16A4027B283C5C37008234C3 /* TODO.swift in Sources */ = {isa = PBXBuildFile; fileRef = 16A4027A283C5C37008234C3 /* TODO.swift */; };
		16A4027E283C5F03008234C3 /* Habits.swift in Sources */ = {isa = PBXBuildFile; fileRef = 16A4027D283C5F03008234C3 /* Habits.swift */; };
		16A40280283C5F10008234C3 /* History.swift in Sources */ = {isa = PBXBuildFile; fileRef = 16A4027F283C5F10008234C3 /* History.swift */; };
/* End PBXBuildFile section */

/* Begin PBXFileReference section */
		16A40264283C4EB8008234C3 /* AccountABuddy.app */ = {isa = PBXFileReference; explicitFileType = wrapper.application; includeInIndex = 0; path = AccountABuddy.app; sourceTree = BUILT_PRODUCTS_DIR; };
		16A40267283C4EB8008234C3 /* AccountABuddyApp.swift */ = {isa = PBXFileReference; lastKnownFileType = sourcecode.swift; path = AccountABuddyApp.swift; sourceTree = "<group>"; };
		16A40269283C4EB8008234C3 /* ContentView.swift */ = {isa = PBXFileReference; lastKnownFileType = sourcecode.swift; path = ContentView.swift; sourceTree = "<group>"; };
		16A4026B283C4EBB008234C3 /* Assets.xcassets */ = {isa = PBXFileReference; lastKnownFileType = folder.assetcatalog; path = Assets.xcassets; sourceTree = "<group>"; };
		16A4026E283C4EBB008234C3 /* Preview Assets.xcassets */ = {isa = PBXFileReference; lastKnownFileType = folder.assetcatalog; path = "Preview Assets.xcassets"; sourceTree = "<group>"; };
		16A40270283C4EBB008234C3 /* Persistence.swift */ = {isa = PBXFileReference; lastKnownFileType = sourcecode.swift; path = Persistence.swift; sourceTree = "<group>"; };
		16A40273283C4EBB008234C3 /* AccountABuddy.xcdatamodel */ = {isa = PBXFileReference; lastKnownFileType = wrapper.xcdatamodel; path = AccountABuddy.xcdatamodel; sourceTree = "<group>"; };
		16A4027A283C5C37008234C3 /* TODO.swift */ = {isa = PBXFileReference; lastKnownFileType = sourcecode.swift; path = TODO.swift; sourceTree = "<group>"; };
		16A4027D283C5F03008234C3 /* Habits.swift */ = {isa = PBXFileReference; lastKnownFileType = sourcecode.swift; path = Habits.swift; sourceTree = "<group>"; };
		16A4027F283C5F10008234C3 /* History.swift */ = {isa = PBXFileReference; lastKnownFileType = sourcecode.swift; path = History.swift; sourceTree = "<group>"; };
/* End PBXFileReference section */

/* Begin PBXFrameworksBuildPhase section */
		16A40261283C4EB8008234C3 /* Frameworks */ = {
			isa = PBXFrameworksBuildPhase;
			buildActionMask = 2147483647;
			files = (
			);
			runOnlyForDeploymentPostprocessing = 0;
		};
/* End PBXFrameworksBuildPhase section */

/* Begin PBXGroup section */
		16A4025B283C4EB8008234C3 = {
			isa = PBXGroup;
			children = (
				16A40266283C4EB8008234C3 /* AccountABuddy */,
				16A40265283C4EB8008234C3 /* Products */,
			);
			sourceTree = "<group>";
		};
		16A40265283C4EB8008234C3 /* Products */ = {
			isa = PBXGroup;
			children = (
				16A40264283C4EB8008234C3 /* AccountABuddy.app */,
			);
			name = Products;
			sourceTree = "<group>";
		};
		16A40266283C4EB8008234C3 /* AccountABuddy */ = {
			isa = PBXGroup;
			children = (
				16A4027C283C5EED008234C3 /* Tab Bar Views */,
				16A40267283C4EB8008234C3 /* AccountABuddyApp.swift */,
				16A40269283C4EB8008234C3 /* ContentView.swift */,
				16A4026B283C4EBB008234C3 /* Assets.xcassets */,
				16A40270283C4EBB008234C3 /* Persistence.swift */,
				16A40272283C4EBB008234C3 /* AccountABuddy.xcdatamodeld */,
				16A4026D283C4EBB008234C3 /* Preview Content */,
			);
			path = AccountABuddy;
			sourceTree = "<group>";
		};
		16A4026D283C4EBB008234C3 /* Preview Content */ = {
			isa = PBXGroup;
			children = (
				16A4026E283C4EBB008234C3 /* Preview Assets.xcassets */,
			);
			path = "Preview Content";
			sourceTree = "<group>";
		};
		16A4027C283C5EED008234C3 /* Tab Bar Views */ = {
			isa = PBXGroup;
			children = (
				16A4027A283C5C37008234C3 /* TODO.swift */,
				16A4027D283C5F03008234C3 /* Habits.swift */,
				16A4027F283C5F10008234C3 /* History.swift */,
			);
			path = "Tab Bar Views";
			sourceTree = "<group>";
		};
/* End PBXGroup section */

/* Begin PBXNativeTarget section */
		16A40263283C4EB8008234C3 /* AccountABuddy */ = {
			isa = PBXNativeTarget;
			buildConfigurationList = 16A40277283C4EBB008234C3 /* Build configuration list for PBXNativeTarget "AccountABuddy" */;
			buildPhases = (
				16A40260283C4EB8008234C3 /* Sources */,
				16A40261283C4EB8008234C3 /* Frameworks */,
				16A40262283C4EB8008234C3 /* Resources */,
			);
			buildRules = (
			);
			dependencies = (
			);
			name = AccountABuddy;
			productName = AccountABuddy;
			productReference = 16A40264283C4EB8008234C3 /* AccountABuddy.app */;
			productType = "com.apple.product-type.application";
		};
/* End PBXNativeTarget section */

/* Begin PBXProject section */
		16A4025C283C4EB8008234C3 /* Project object */ = {
			isa = PBXProject;
			attributes = {
				BuildIndependentTargetsInParallel = 1;
				LastSwiftUpdateCheck = 1320;
				LastUpgradeCheck = 1320;
				TargetAttributes = {
					16A40263283C4EB8008234C3 = {
						CreatedOnToolsVersion = 13.2.1;
					};
				};
			};
			buildConfigurationList = 16A4025F283C4EB8008234C3 /* Build configuration list for PBXProject "AccountABuddy" */;
			compatibilityVersion = "Xcode 13.0";
			developmentRegion = en;
			hasScannedForEncodings = 0;
			knownRegions = (
				en,
				Base,
			);
			mainGroup = 16A4025B283C4EB8008234C3;
			productRefGroup = 16A40265283C4EB8008234C3 /* Products */;
			projectDirPath = "";
			projectRoot = "";
			targets = (
				16A40263283C4EB8008234C3 /* AccountABuddy */,
			);
		};
/* End PBXProject section */

/* Begin PBXResourcesBuildPhase section */
		16A40262283C4EB8008234C3 /* Resources */ = {
			isa = PBXResourcesBuildPhase;
			buildActionMask = 2147483647;
			files = (
				16A4026F283C4EBB008234C3 /* Preview Assets.xcassets in Resources */,
				16A4026C283C4EBB008234C3 /* Assets.xcassets in Resources */,
			);
			runOnlyForDeploymentPostprocessing = 0;
		};
/* End PBXResourcesBuildPhase section */

/* Begin PBXSourcesBuildPhase section */
		16A40260283C4EB8008234C3 /* Sources */ = {
			isa = PBXSourcesBuildPhase;
			buildActionMask = 2147483647;
			files = (
				16A4027B283C5C37008234C3 /* TODO.swift in Sources */,
				16A40274283C4EBB008234C3 /* AccountABuddy.xcdatamodeld in Sources */,
				16A40280283C5F10008234C3 /* History.swift in Sources */,
				16A4027E283C5F03008234C3 /* Habits.swift in Sources */,
				16A40271283C4EBB008234C3 /* Persistence.swift in Sources */,
				16A4026A283C4EB8008234C3 /* ContentView.swift in Sources */,
				16A40268283C4EB8008234C3 /* AccountABuddyApp.swift in Sources */,
			);
			runOnlyForDeploymentPostprocessing = 0;
		};
/* End PBXSourcesBuildPhase section */

/* Begin XCBuildConfiguration section */
		16A40275283C4EBB008234C3 /* Debug */ = {
			isa = XCBuildConfiguration;
			buildSettings = {
				ALWAYS_SEARCH_USER_PATHS = NO;
				CLANG_ANALYZER_NONNULL = YES;
				CLANG_ANALYZER_NUMBER_OBJECT_CONVERSION = YES_AGGRESSIVE;
				CLANG_CXX_LANGUAGE_STANDARD = "gnu++17";
				CLANG_CXX_LIBRARY = "libc++";
				CLANG_ENABLE_MODULES = YES;
				CLANG_ENABLE_OBJC_ARC = YES;
				CLANG_ENABLE_OBJC_WEAK = YES;
				CLANG_WARN_BLOCK_CAPTURE_AUTORELEASING = YES;
				CLANG_WARN_BOOL_CONVERSION = YES;
				CLANG_WARN_COMMA = YES;
				CLANG_WARN_CONSTANT_CONVERSION = YES;
				CLANG_WARN_DEPRECATED_OBJC_IMPLEMENTATIONS = YES;
				CLANG_WARN_DIRECT_OBJC_ISA_USAGE = YES_ERROR;
				CLANG_WARN_DOCUMENTATION_COMMENTS = YES;
				CLANG_WARN_EMPTY_BODY = YES;
				CLANG_WARN_ENUM_CONVERSION = YES;
				CLANG_WARN_INFINITE_RECURSION = YES;
				CLANG_WARN_INT_CONVERSION = YES;
				CLANG_WARN_NON_LITERAL_NULL_CONVERSION = YES;
				CLANG_WARN_OBJC_IMPLICIT_RETAIN_SELF = YES;
				CLANG_WARN_OBJC_LITERAL_CONVERSION = YES;
				CLANG_WARN_OBJC_ROOT_CLASS = YES_ERROR;
				CLANG_WARN_QUOTED_INCLUDE_IN_FRAMEWORK_HEADER = YES;
				CLANG_WARN_RANGE_LOOP_ANALYSIS = YES;
				CLANG_WARN_STRICT_PROTOTYPES = YES;
				CLANG_WARN_SUSPICIOUS_MOVE = YES;
				CLANG_WARN_UNGUARDED_AVAILABILITY = YES_AGGRESSIVE;
				CLANG_WARN_UNREACHABLE_CODE = YES;
				CLANG_WARN__DUPLICATE_METHOD_MATCH = YES;
				COPY_PHASE_STRIP = NO;
				DEBUG_INFORMATION_FORMAT = dwarf;
				ENABLE_STRICT_OBJC_MSGSEND = YES;
				ENABLE_TESTABILITY = YES;
				GCC_C_LANGUAGE_STANDARD = gnu11;
				GCC_DYNAMIC_NO_PIC = NO;
				GCC_NO_COMMON_BLOCKS = YES;
				GCC_OPTIMIZATION_LEVEL = 0;
				GCC_PREPROCESSOR_DEFINITIONS = (
					"DEBUG=1",
					"$(inherited)",
				);
				GCC_WARN_64_TO_32_BIT_CONVERSION = YES;
				GCC_WARN_ABOUT_RETURN_TYPE = YES_ERROR;
				GCC_WARN_UNDECLARED_SELECTOR = YES;
				GCC_WARN_UNINITIALIZED_AUTOS = YES_AGGRESSIVE;
				GCC_WARN_UNUSED_FUNCTION = YES;
				GCC_WARN_UNUSED_VARIABLE = YES;
				IPHONEOS_DEPLOYMENT_TARGET = 15.2;
				MTL_ENABLE_DEBUG_INFO = INCLUDE_SOURCE;
				MTL_FAST_MATH = YES;
				ONLY_ACTIVE_ARCH = YES;
				SDKROOT = iphoneos;
				SWIFT_ACTIVE_COMPILATION_CONDITIONS = DEBUG;
				SWIFT_OPTIMIZATION_LEVEL = "-Onone";
			};
			name = Debug;
		};
		16A40276283C4EBB008234C3 /* Release */ = {
			isa = XCBuildConfiguration;
			buildSettings = {
				ALWAYS_SEARCH_USER_PATHS = NO;
				CLANG_ANALYZER_NONNULL = YES;
				CLANG_ANALYZER_NUMBER_OBJECT_CONVERSION = YES_AGGRESSIVE;
				CLANG_CXX_LANGUAGE_STANDARD = "gnu++17";
				CLANG_CXX_LIBRARY = "libc++";
				CLANG_ENABLE_MODULES = YES;
				CLANG_ENABLE_OBJC_ARC = YES;
				CLANG_ENABLE_OBJC_WEAK = YES;
				CLANG_WARN_BLOCK_CAPTURE_AUTORELEASING = YES;
				CLANG_WARN_BOOL_CONVERSION = YES;
				CLANG_WARN_COMMA = YES;
				CLANG_WARN_CONSTANT_CONVERSION = YES;
				CLANG_WARN_DEPRECATED_OBJC_IMPLEMENTATIONS = YES;
				CLANG_WARN_DIRECT_OBJC_ISA_USAGE = YES_ERROR;
				CLANG_WARN_DOCUMENTATION_COMMENTS = YES;
				CLANG_WARN_EMPTY_BODY = YES;
				CLANG_WARN_ENUM_CONVERSION = YES;
				CLANG_WARN_INFINITE_RECURSION = YES;
				CLANG_WARN_INT_CONVERSION = YES;
				CLANG_WARN_NON_LITERAL_NULL_CONVERSION = YES;
				CLANG_WARN_OBJC_IMPLICIT_RETAIN_SELF = YES;
				CLANG_WARN_OBJC_LITERAL_CONVERSION = YES;
				CLANG_WARN_OBJC_ROOT_CLASS = YES_ERROR;
				CLANG_WARN_QUOTED_INCLUDE_IN_FRAMEWORK_HEADER = YES;
				CLANG_WARN_RANGE_LOOP_ANALYSIS = YES;
				CLANG_WARN_STRICT_PROTOTYPES = YES;
				CLANG_WARN_SUSPICIOUS_MOVE = YES;
				CLANG_WARN_UNGUARDED_AVAILABILITY = YES_AGGRESSIVE;
				CLANG_WARN_UNREACHABLE_CODE = YES;
				CLANG_WARN__DUPLICATE_METHOD_MATCH = YES;
				COPY_PHASE_STRIP = NO;
				DEBUG_INFORMATION_FORMAT = "dwarf-with-dsym";
				ENABLE_NS_ASSERTIONS = NO;
				ENABLE_STRICT_OBJC_MSGSEND = YES;
				GCC_C_LANGUAGE_STANDARD = gnu11;
				GCC_NO_COMMON_BLOCKS = YES;
				GCC_WARN_64_TO_32_BIT_CONVERSION = YES;
				GCC_WARN_ABOUT_RETURN_TYPE = YES_ERROR;
				GCC_WARN_UNDECLARED_SELECTOR = YES;
				GCC_WARN_UNINITIALIZED_AUTOS = YES_AGGRESSIVE;
				GCC_WARN_UNUSED_FUNCTION = YES;
				GCC_WARN_UNUSED_VARIABLE = YES;
				IPHONEOS_DEPLOYMENT_TARGET = 15.2;
				MTL_ENABLE_DEBUG_INFO = NO;
				MTL_FAST_MATH = YES;
				SDKROOT = iphoneos;
				SWIFT_COMPILATION_MODE = wholemodule;
				SWIFT_OPTIMIZATION_LEVEL = "-O";
				VALIDATE_PRODUCT = YES;
			};
			name = Release;
		};
		16A40278283C4EBB008234C3 /* Debug */ = {
			isa = XCBuildConfiguration;
			buildSettings = {
				ASSETCATALOG_COMPILER_APPICON_NAME = AppIcon;
				ASSETCATALOG_COMPILER_GLOBAL_ACCENT_COLOR_NAME = AccentColor;
				CODE_SIGN_STYLE = Automatic;
				CURRENT_PROJECT_VERSION = 1;
				DEVELOPMENT_ASSET_PATHS = "\"AccountABuddy/Preview Content\"";
				DEVELOPMENT_TEAM = 6M65BLM6FA;
				ENABLE_PREVIEWS = YES;
				GENERATE_INFOPLIST_FILE = YES;
				INFOPLIST_KEY_UIApplicationSceneManifest_Generation = YES;
				INFOPLIST_KEY_UIApplicationSupportsIndirectInputEvents = YES;
				INFOPLIST_KEY_UILaunchScreen_Generation = YES;
				INFOPLIST_KEY_UISupportedInterfaceOrientations = "UIInterfaceOrientationPortrait UIInterfaceOrientationLandscapeLeft UIInterfaceOrientationLandscapeRight";
				INFOPLIST_KEY_UISupportedInterfaceOrientations_iPad = "UIInterfaceOrientationPortrait UIInterfaceOrientationPortraitUpsideDown UIInterfaceOrientationLandscapeLeft UIInterfaceOrientationLandscapeRight";
				INFOPLIST_KEY_UISupportedInterfaceOrientations_iPhone = "UIInterfaceOrientationPortrait UIInterfaceOrientationLandscapeLeft UIInterfaceOrientationLandscapeRight";
				LD_RUNPATH_SEARCH_PATHS = (
					"$(inherited)",
					"@executable_path/Frameworks",
				);
				MARKETING_VERSION = 1.0;
				PRODUCT_BUNDLE_IDENTIFIER = com.drewperry.AccountABuddy;
				PRODUCT_NAME = "$(TARGET_NAME)";
				SWIFT_EMIT_LOC_STRINGS = YES;
				SWIFT_VERSION = 5.0;
				TARGETED_DEVICE_FAMILY = "1,2";
			};
			name = Debug;
		};
		16A40279283C4EBB008234C3 /* Release */ = {
			isa = XCBuildConfiguration;
			buildSettings = {
				ASSETCATALOG_COMPILER_APPICON_NAME = AppIcon;
				ASSETCATALOG_COMPILER_GLOBAL_ACCENT_COLOR_NAME = AccentColor;
				CODE_SIGN_STYLE = Automatic;
				CURRENT_PROJECT_VERSION = 1;
				DEVELOPMENT_ASSET_PATHS = "\"AccountABuddy/Preview Content\"";
				DEVELOPMENT_TEAM = 6M65BLM6FA;
				ENABLE_PREVIEWS = YES;
				GENERATE_INFOPLIST_FILE = YES;
				INFOPLIST_KEY_UIApplicationSceneManifest_Generation = YES;
				INFOPLIST_KEY_UIApplicationSupportsIndirectInputEvents = YES;
				INFOPLIST_KEY_UILaunchScreen_Generation = YES;
				INFOPLIST_KEY_UISupportedInterfaceOrientations = "UIInterfaceOrientationPortrait UIInterfaceOrientationLandscapeLeft UIInterfaceOrientationLandscapeRight";
				INFOPLIST_KEY_UISupportedInterfaceOrientations_iPad = "UIInterfaceOrientationPortrait UIInterfaceOrientationPortraitUpsideDown UIInterfaceOrientationLandscapeLeft UIInterfaceOrientationLandscapeRight";
				INFOPLIST_KEY_UISupportedInterfaceOrientations_iPhone = "UIInterfaceOrientationPortrait UIInterfaceOrientationLandscapeLeft UIInterfaceOrientationLandscapeRight";
				LD_RUNPATH_SEARCH_PATHS = (
					"$(inherited)",
					"@executable_path/Frameworks",
				);
				MARKETING_VERSION = 1.0;
				PRODUCT_BUNDLE_IDENTIFIER = com.drewperry.AccountABuddy;
				PRODUCT_NAME = "$(TARGET_NAME)";
				SWIFT_EMIT_LOC_STRINGS = YES;
				SWIFT_VERSION = 5.0;
				TARGETED_DEVICE_FAMILY = "1,2";
			};
			name = Release;
		};
/* End XCBuildConfiguration section */

/* Begin XCConfigurationList section */
		16A4025F283C4EB8008234C3 /* Build configuration list for PBXProject "AccountABuddy" */ = {
			isa = XCConfigurationList;
			buildConfigurations = (
				16A40275283C4EBB008234C3 /* Debug */,
				16A40276283C4EBB008234C3 /* Release */,
			);
			defaultConfigurationIsVisible = 0;
			defaultConfigurationName = Release;
		};
		16A40277283C4EBB008234C3 /* Build configuration list for PBXNativeTarget "AccountABuddy" */ = {
			isa = XCConfigurationList;
			buildConfigurations = (
				16A40278283C4EBB008234C3 /* Debug */,
				16A40279283C4EBB008234C3 /* Release */,
			);
			defaultConfigurationIsVisible = 0;
			defaultConfigurationName = Release;
		};
/* End XCConfigurationList section */

/* Begin XCVersionGroup section */
		16A40272283C4EBB008234C3 /* AccountABuddy.xcdatamodeld */ = {
			isa = XCVersionGroup;
			children = (
				16A40273283C4EBB008234C3 /* AccountABuddy.xcdatamodel */,
			);
			currentVersion = 16A40273283C4EBB008234C3 /* AccountABuddy.xcdatamodel */;
			path = AccountABuddy.xcdatamodeld;
			sourceTree = "<group>";
			versionGroupType = wrapper.xcdatamodel;
		};
/* End XCVersionGroup section */
	};
	rootObject = 16A4025C283C4EB8008234C3 /* Project object */;
}
